PODS:
  - SAAdvertisingSDKStandard (0.7.3)
  - Toaster (2.3.0)

DEPENDENCIES:
  - SAAdvertisingSDKStandard (from `./`)
  - Toaster

SPEC REPOS:
  trunk:
    - Toaster

EXTERNAL SOURCES:
  SAAdvertisingSDKStandard:
    :path: "./"

SPEC CHECKSUMS:
  SAAdvertisingSDKStandard: 68f93cb458c7c45bd0d5292ffca92c149878e9c1
  Toaster: c3473963c78e8cabbf6ea6f11ad0fdaae6f54987

PODFILE CHECKSUM: 25085f5f3a9d9c5516797760d0bcd53260399f7e

COCOAPODS: 1.12.1
